lockfileVersion: '9.0'

settings:
  autoInstallPeers: true
  excludeLinksFromLockfile: false

importers:

  .:
    dependencies:
      '@stricli/core':
        specifier: ^1.2.0
        version: 1.2.0
    devDependencies:
      '@rslib/core':
        specifier: ^0.10.5
        version: 0.10.5
      '@types/node':
        specifier: ^24.0.13
        version: 24.0.13

packages:

  '@ast-grep/napi-darwin-arm64@0.37.0':
    resolution: {integrity: sha512-QAiIiaAbLvMEg/yBbyKn+p1gX2/FuaC0SMf7D7capm/oG4xGMzdeaQIcSosF4TCxxV+hIH4Bz9e4/u7w6Bnk3Q==}
    engines: {node: '>= 10'}
    cpu: [arm64]
    os: [darwin]

  '@ast-grep/napi-darwin-x64@0.37.0':
    resolution: {integrity: sha512-zvcvdgekd4ySV3zUbUp8HF5nk5zqwiMXTuVzTUdl/w08O7JjM6XPOIVT+d2o/MqwM9rsXdzdergY5oY2RdhSPA==}
    engines: {node: '>= 10'}
    cpu: [x64]
    os: [darwin]

  '@ast-grep/napi-linux-arm64-gnu@0.37.0':
    resolution: {integrity: sha512-L7Sj0lXy8X+BqSMgr1LB8cCoWk0rericdeu+dC8/c8zpsav5Oo2IQKY1PmiZ7H8IHoFBbURLf8iklY9wsD+cyA==}
    engines: {node: '>= 10'}
    cpu: [arm64]
    os: [linux]

  '@ast-grep/napi-linux-arm64-musl@0.37.0':
    resolution: {integrity: sha512-LF9sAvYy6es/OdyJDO3RwkX3I82Vkfsng1sqUBcoWC1jVb1wX5YVzHtpQox9JrEhGl+bNp7FYxB4Qba9OdA5GA==}
    engines: {node: '>= 10'}
    cpu: [arm64]
    os: [linux]

  '@ast-grep/napi-linux-x64-gnu@0.37.0':
    resolution: {integrity: sha512-TViz5/klqre6aSmJzswEIjApnGjJzstG/SE8VDWsrftMBMYt2PTu3MeluZVwzSqDao8doT/P+6U11dU05UOgxw==}
    engines: {node: '>= 10'}
    cpu: [x64]
    os: [linux]

  '@ast-grep/napi-linux-x64-musl@0.37.0':
    resolution: {integrity: sha512-/BcCH33S9E3ovOAEoxYngUNXgb+JLg991sdyiNP2bSoYd30a9RHrG7CYwW6fMgua3ijQ474eV6cq9yZO1bCpXg==}
    engines: {node: '>= 10'}
    cpu: [x64]
    os: [linux]

  '@ast-grep/napi-win32-arm64-msvc@0.37.0':
    resolution: {integrity: sha512-TjQA4cFoIEW2bgjLkaL9yqT4XWuuLa5MCNd0VCDhGRDMNQ9+rhwi9eLOWRaap3xzT7g+nlbcEHL3AkVCD2+b3A==}
    engines: {node: '>= 10'}
    cpu: [arm64]
    os: [win32]

  '@ast-grep/napi-win32-ia32-msvc@0.37.0':
    resolution: {integrity: sha512-uNmVka8fJCdYsyOlF9aZqQMLTatEYBynjChVTzUfFMDfmZ0bihs/YTqJVbkSm8TZM7CUX82apvn50z/dX5iWRA==}
    engines: {node: '>= 10'}
    cpu: [ia32]
    os: [win32]

  '@ast-grep/napi-win32-x64-msvc@0.37.0':
    resolution: {integrity: sha512-vCiFOT3hSCQuHHfZ933GAwnPzmL0G04JxQEsBRfqONywyT8bSdDc/ECpAfr3S9VcS4JZ9/F6tkePKW/Om2Dq2g==}
    engines: {node: '>= 10'}
    cpu: [x64]
    os: [win32]

  '@ast-grep/napi@0.37.0':
    resolution: {integrity: sha512-Hb4o6h1Pf6yRUAX07DR4JVY7dmQw+RVQMW5/m55GoiAT/VRoKCWBtIUPPOnqDVhbx1Cjfil9b6EDrgJsUAujEQ==}
    engines: {node: '>= 10'}

  '@emnapi/core@1.4.4':
    resolution: {integrity: sha512-A9CnAbC6ARNMKcIcrQwq6HeHCjpcBZ5wSx4U01WXCqEKlrzB9F9315WDNHkrs2xbx7YjjSxbUYxuN6EQzpcY2g==}

  '@emnapi/runtime@1.4.4':
    resolution: {integrity: sha512-hHyapA4A3gPaDCNfiqyZUStTMqIkKRshqPIuDOXv1hcBnD4U3l8cP0T1HMCfGRxQ6V64TGCcoswChANyOAwbQg==}

  '@emnapi/wasi-threads@1.0.3':
    resolution: {integrity: sha512-8K5IFFsQqF9wQNJptGbS6FNKgUTsSRYnTqNCG1vPP8jFdjSv18n2mQfJpkt2Oibo9iBEzcDnDxNwKTzC7svlJw==}

  '@jridgewell/sourcemap-codec@1.5.4':
    resolution: {integrity: sha512-VT2+G1VQs/9oz078bLrYbecdZKs912zQlkelYpuf+SXF+QvZDYJlbx/LSx+meSAwdDFnF8FVXW92AVjjkVmgFw==}

  '@module-federation/error-codes@0.15.0':
    resolution: {integrity: sha512-CFJSF+XKwTcy0PFZ2l/fSUpR4z247+Uwzp1sXVkdIfJ/ATsnqf0Q01f51qqSEA6MYdQi6FKos9FIcu3dCpQNdg==}

  '@module-federation/runtime-core@0.15.0':
    resolution: {integrity: sha512-RYzI61fRDrhyhaEOXH3AgIGlHiot0wPFXu7F43cr+ZnTi+VlSYWLdlZ4NBuT9uV6JSmH54/c+tEZm5SXgKR2sQ==}

  '@module-federation/runtime-tools@0.15.0':
    resolution: {integrity: sha512-kzFn3ObUeBp5vaEtN1WMxhTYBuYEErxugu1RzFUERD21X3BZ+b4cWwdFJuBDlsmVjctIg/QSOoZoPXRKAO0foA==}

  '@module-federation/runtime@0.15.0':
    resolution: {integrity: sha512-dTPsCNum9Bhu3yPOcrPYq0YnM9eCMMMNB1wuiqf1+sFbQlNApF0vfZxooqz3ln0/MpgE0jerVvFsLVGfqvC9Ug==}

  '@module-federation/sdk@0.15.0':
    resolution: {integrity: sha512-PWiYbGcJrKUD6JZiEPihrXhV3bgXdll4bV7rU+opV7tHaun+Z0CdcawjZ82Xnpb8MCPGmqHwa1MPFeUs66zksw==}

  '@module-federation/webpack-bundler-runtime@0.15.0':
    resolution: {integrity: sha512-i+3wu2Ljh2TmuUpsnjwZVupOVqV50jP0ndA8PSP4gwMKlgdGeaZ4VH5KkHAXGr2eiYUxYLMrJXz1+eILJqeGDg==}

  '@napi-rs/wasm-runtime@0.2.12':
    resolution: {integrity: sha512-ZVWUcfwY4E/yPitQJl481FjFo3K22D6qF0DuFH6Y/nbnE11GY5uguDxZMGXPQ8WQ0128MXQD7TnfHyK4oWoIJQ==}

  '@rsbuild/core@1.4.6':
    resolution: {integrity: sha512-Z5e7ExKGmLv/wvBQEgSE2bPpR9movvq0jnfXjtYzrLzJFGsKFwL/5KShgdr6hUtVGGLoCCCHHHaTBL6BPcNvZA==}
    engines: {node: '>=16.10.0'}
    hasBin: true

  '@rslib/core@0.10.5':
    resolution: {integrity: sha512-kThW/bkKgja++/AykW1fJaRK+TAiW3+ZSWiCKJxHHS87ZQc/PeRTxk2A0upHi7R3CyfdGgXGNcEBPoeBUj4zYw==}
    engines: {node: '>=16.7.0'}
    hasBin: true
    peerDependencies:
      '@microsoft/api-extractor': ^7
      typescript: ^5
    peerDependenciesMeta:
      '@microsoft/api-extractor':
        optional: true
      typescript:
        optional: true

  '@rspack/binding-darwin-arm64@1.4.6':
    resolution: {integrity: sha512-K37H8e58eY7zBHGeMVtT7m0Z5XvlNQX7YDuaxlbiA4hZxqeRoS5BMX/YOcDiGdNbSuqv+iG5GSckJ99YUI67Cw==}
    cpu: [arm64]
    os: [darwin]

  '@rspack/binding-darwin-x64@1.4.6':
    resolution: {integrity: sha512-3p5u9q/Q9MMVe+5XFJ/WiFrzNrrxUjJFR19kB1k/KMcf8ox982xWjnfJuBkET/k7Hn0EZL7L06ym447uIfAVAg==}
    cpu: [x64]
    os: [darwin]

  '@rspack/binding-linux-arm64-gnu@1.4.6':
    resolution: {integrity: sha512-ZrrCn5b037ImZfZ3MShJrRw4d5M3Tq2rFJupr+SGMg7GTl2T6xEmo3ER/evHlT6e0ETi6tRWPxC9A1125jbSQA==}
    cpu: [arm64]
    os: [linux]

  '@rspack/binding-linux-arm64-musl@1.4.6':
    resolution: {integrity: sha512-0a30oR6ZmZrqmsOHQYrbZPCxAgnqAiqlbFozdhHs+Yu2bS7SDiLpdjMg0PHwLZT2+siiMWsLodFZlXRJE54oAQ==}
    cpu: [arm64]
    os: [linux]

  '@rspack/binding-linux-x64-gnu@1.4.6':
    resolution: {integrity: sha512-u6pq1aq7bX+NABVDDTOzH64KMj1KJn8fUWO+FaX7Kr7PBjhmxNRs4OaWZjbXEY6COhMYEJZ04h4DhY+lRzcKjA==}
    cpu: [x64]
    os: [linux]

  '@rspack/binding-linux-x64-musl@1.4.6':
    resolution: {integrity: sha512-rjP/1dWKB828kzd4/QpDYNVasUAKDj0OeRJGh5L/RluSH3pEqhxm5FwvndpmFDv6m3iPekZ4IO26UrpGJmE9fw==}
    cpu: [x64]
    os: [linux]

  '@rspack/binding-wasm32-wasi@1.4.6':
    resolution: {integrity: sha512-5M0g7TaWgCFQJr4NKYW2bTLbQJuAQIgZL7WmiDwotgscBJDQWJVBayFEsnM6PYX1Inmu6RNhQ44BKIYwwoSyYw==}
    cpu: [wasm32]

  '@rspack/binding-win32-arm64-msvc@1.4.6':
    resolution: {integrity: sha512-thPCdbh4O+uEAJ8AvXBWZIOW0ZopJAN3CX2zlprso8Cnhi4wDseTtrIxFQh7cTo6pR3xSZAIv/zHd+MMF8TImA==}
    cpu: [arm64]
    os: [win32]

  '@rspack/binding-win32-ia32-msvc@1.4.6':
    resolution: {integrity: sha512-KQmm6c/ZfJKQ/TpzbY6J0pDvUB9kwTXzp+xl2FhGq2RXid8uyDS8ZqbeJA6LDxgttsmp4PRVJjMdLVYjZenfLw==}
    cpu: [ia32]
    os: [win32]

  '@rspack/binding-win32-x64-msvc@1.4.6':
    resolution: {integrity: sha512-WRRhCsJ+xcOmvzo/r/b2UTejPLnDEbaD/te1yQwHe97sUaFGr3u1Njk6lVYRTV6mEvUopEChb8yAq/S4dvaGLg==}
    cpu: [x64]
    os: [win32]

  '@rspack/binding@1.4.6':
    resolution: {integrity: sha512-rRc6sbKWxhomxxJeqi4QS3S/2T6pKf4JwC/VHXs7KXw7lHXHa3yxPynmn3xHstL0H6VLaM5xQj87Wh7lQYRAPg==}

  '@rspack/core@1.4.6':
    resolution: {integrity: sha512-/OpJLv7dPEE7x/qCXGecRm9suNxz5w0Dheq2sh0TjTCUHodtMET3T+FlRWznBAlZeNuHLECDp0DWhchgS8BWuA==}
    engines: {node: '>=16.0.0'}
    peerDependencies:
      '@swc/helpers': '>=0.5.1'
    peerDependenciesMeta:
      '@swc/helpers':
        optional: true

  '@rspack/lite-tapable@1.0.1':
    resolution: {integrity: sha512-VynGOEsVw2s8TAlLf/uESfrgfrq2+rcXB1muPJYBWbsm1Oa6r5qVQhjA5ggM6z/coYPrsVMgovl3Ff7Q7OCp1w==}
    engines: {node: '>=16.0.0'}

  '@stricli/core@1.2.0':
    resolution: {integrity: sha512-5b+npntDY0TAB7wAw0daGlh3/R2sf0TDLyrB1By2jCNH+C+lmcSqMtJXOMLVtEGSkIOvqAgIWpLMSs1PXqzt3w==}

  '@swc/helpers@0.5.17':
    resolution: {integrity: sha512-5IKx/Y13RsYd+sauPb2x+U/xZikHjolzfuDgTAl/Tdf3Q8rslRvC19NKDLgAJQ6wsqADk10ntlv08nPFw/gO/A==}

  '@tybys/wasm-util@0.10.0':
    resolution: {integrity: sha512-VyyPYFlOMNylG45GoAe0xDoLwWuowvf92F9kySqzYh8vmYm7D2u4iUJKa1tOUpS70Ku13ASrOkS4ScXFsTaCNQ==}

  '@types/node@24.0.13':
    resolution: {integrity: sha512-Qm9OYVOFHFYg3wJoTSrz80hoec5Lia/dPp84do3X7dZvLikQvM1YpmvTBEdIr/e+U8HTkFjLHLnl78K/qjf+jQ==}

  core-js@3.44.0:
    resolution: {integrity: sha512-aFCtd4l6GvAXwVEh3XbbVqJGHDJt0OZRa+5ePGx3LLwi12WfexqQxcsohb2wgsa/92xtl19Hd66G/L+TaAxDMw==}

  fdir@6.4.6:
    resolution: {integrity: sha512-hiFoqpyZcfNm1yc4u8oWCf9A2c4D3QjCrks3zmoVKVxpQRzmPNar1hUJcBG2RQHvEVGDN+Jm81ZheVLAQMK6+w==}
    peerDependencies:
      picomatch: ^3 || ^4
    peerDependenciesMeta:
      picomatch:
        optional: true

  jiti@2.4.2:
    resolution: {integrity: sha512-rg9zJN+G4n2nfJl5MW3BMygZX56zKPNVEYYqq7adpmMh4Jn2QNEwhvQlFy6jPVdcod7txZtKHWnyZiA3a0zP7A==}
    hasBin: true

  json5@2.2.3:
    resolution: {integrity: sha512-XmOWe7eyHYH14cLdVPoyg+GOH3rYX++KpzrylJwSW98t3Nk+U8XOl8FWKOgwtzdb8lXGf6zYwDUzeHMWfxasyg==}
    engines: {node: '>=6'}
    hasBin: true

  magic-string@0.30.17:
    resolution: {integrity: sha512-sNPKHvyjVf7gyjwS4xGTaW/mCnF8wnjtifKBEhxfZ7E/S8tQ0rssrwGNn6q8JH/ohItJfSQp9mBtQYuTlH5QnA==}

  minimist@1.2.8:
    resolution: {integrity: sha512-2yyAR8qBkN3YuheJanUpWC5U3bb5osDywNB8RzDVlDwDHbocAJveqqj1u8+SVD7jkWT4yvsHCpWqqWqAxb0zCA==}

  picocolors@1.1.1:
    resolution: {integrity: sha512-xceH2snhtb5M9liqDsmEw56le376mTZkEX/jEb/RxNFyegNul7eNslCXP9FDj/Lcu0X8KEyMceP2ntpaHrDEVA==}

  picomatch@4.0.2:
    resolution: {integrity: sha512-M7BAV6Rlcy5u+m6oPhAPFgJTzAioX/6B0DxyvDlo9l8+T3nLKbrczg2WLUyzd45L8RqfUMyGPzekbMvX2Ldkwg==}
    engines: {node: '>=12'}

  rsbuild-plugin-dts@0.10.5:
    resolution: {integrity: sha512-gjngxgV0RD4T7aKDTf7kho9IUBNjHR+Y3krYwNEnUakOiuk9Fn03MxVCcASyCsPY+H7HooI8P8wXZoPhiSWSZA==}
    engines: {node: '>=16.7.0'}
    peerDependencies:
      '@microsoft/api-extractor': ^7
      '@rsbuild/core': 1.x
      typescript: ^5
    peerDependenciesMeta:
      '@microsoft/api-extractor':
        optional: true
      typescript:
        optional: true

  strip-bom@3.0.0:
    resolution: {integrity: sha512-vavAMRXOgBVNF6nyEEmL3DBK19iRpDcoIwW+swQ+CbGiu7lju6t+JklA1MHweoWtadgt4ISVUsXLyDq34ddcwA==}
    engines: {node: '>=4'}

  tinyglobby@0.2.14:
    resolution: {integrity: sha512-tX5e7OM1HnYr2+a2C/4V0htOcSQcoSTH9KgJnVvNm5zm/cyEWKJ7j7YutsH9CxMdtOkkLFy2AHrMci9IM8IPZQ==}
    engines: {node: '>=12.0.0'}

  tsconfig-paths@4.2.0:
    resolution: {integrity: sha512-NoZ4roiN7LnbKn9QqE1amc9DJfzvZXxF4xDavcOWt1BPkdx+m+0gJuPM+S0vCe7zTJMYUP0R8pO2XMr+Y8oLIg==}
    engines: {node: '>=6'}

  tslib@2.8.1:
    resolution: {integrity: sha512-oJFu94HQb+KVduSUQL7wnpmqnfmLsOA/nAh6b6EH0wCEoK0/mPeXU6c3wKDV83MkOuHPRHtSXKKU99IBazS/2w==}

  undici-types@7.8.0:
    resolution: {integrity: sha512-9UJ2xGDvQ43tYyVMpuHlsgApydB8ZKfVYTsLDhXkFL/6gfkp+U8xTGdh8pMJv1SpZna0zxG1DwsKZsreLbXBxw==}

snapshots:

  '@ast-grep/napi-darwin-arm64@0.37.0':
    optional: true

  '@ast-grep/napi-darwin-x64@0.37.0':
    optional: true

  '@ast-grep/napi-linux-arm64-gnu@0.37.0':
    optional: true

  '@ast-grep/napi-linux-arm64-musl@0.37.0':
    optional: true

  '@ast-grep/napi-linux-x64-gnu@0.37.0':
    optional: true

  '@ast-grep/napi-linux-x64-musl@0.37.0':
    optional: true

  '@ast-grep/napi-win32-arm64-msvc@0.37.0':
    optional: true

  '@ast-grep/napi-win32-ia32-msvc@0.37.0':
    optional: true

  '@ast-grep/napi-win32-x64-msvc@0.37.0':
    optional: true

  '@ast-grep/napi@0.37.0':
    optionalDependencies:
      '@ast-grep/napi-darwin-arm64': 0.37.0
      '@ast-grep/napi-darwin-x64': 0.37.0
      '@ast-grep/napi-linux-arm64-gnu': 0.37.0
      '@ast-grep/napi-linux-arm64-musl': 0.37.0
      '@ast-grep/napi-linux-x64-gnu': 0.37.0
      '@ast-grep/napi-linux-x64-musl': 0.37.0
      '@ast-grep/napi-win32-arm64-msvc': 0.37.0
      '@ast-grep/napi-win32-ia32-msvc': 0.37.0
      '@ast-grep/napi-win32-x64-msvc': 0.37.0

  '@emnapi/core@1.4.4':
    dependencies:
      '@emnapi/wasi-threads': 1.0.3
      tslib: 2.8.1
    optional: true

  '@emnapi/runtime@1.4.4':
    dependencies:
      tslib: 2.8.1
    optional: true

  '@emnapi/wasi-threads@1.0.3':
    dependencies:
      tslib: 2.8.1
    optional: true

  '@jridgewell/sourcemap-codec@1.5.4': {}

  '@module-federation/error-codes@0.15.0': {}

  '@module-federation/runtime-core@0.15.0':
    dependencies:
      '@module-federation/error-codes': 0.15.0
      '@module-federation/sdk': 0.15.0

  '@module-federation/runtime-tools@0.15.0':
    dependencies:
      '@module-federation/runtime': 0.15.0
      '@module-federation/webpack-bundler-runtime': 0.15.0

  '@module-federation/runtime@0.15.0':
    dependencies:
      '@module-federation/error-codes': 0.15.0
      '@module-federation/runtime-core': 0.15.0
      '@module-federation/sdk': 0.15.0

  '@module-federation/sdk@0.15.0': {}

  '@module-federation/webpack-bundler-runtime@0.15.0':
    dependencies:
      '@module-federation/runtime': 0.15.0
      '@module-federation/sdk': 0.15.0

  '@napi-rs/wasm-runtime@0.2.12':
    dependencies:
      '@emnapi/core': 1.4.4
      '@emnapi/runtime': 1.4.4
      '@tybys/wasm-util': 0.10.0
    optional: true

  '@rsbuild/core@1.4.6':
    dependencies:
      '@rspack/core': 1.4.6(@swc/helpers@0.5.17)
      '@rspack/lite-tapable': 1.0.1
      '@swc/helpers': 0.5.17
      core-js: 3.44.0
      jiti: 2.4.2

  '@rslib/core@0.10.5':
    dependencies:
      '@rsbuild/core': 1.4.6
      rsbuild-plugin-dts: 0.10.5(@rsbuild/core@1.4.6)
      tinyglobby: 0.2.14

  '@rspack/binding-darwin-arm64@1.4.6':
    optional: true

  '@rspack/binding-darwin-x64@1.4.6':
    optional: true

  '@rspack/binding-linux-arm64-gnu@1.4.6':
    optional: true

  '@rspack/binding-linux-arm64-musl@1.4.6':
    optional: true

  '@rspack/binding-linux-x64-gnu@1.4.6':
    optional: true

  '@rspack/binding-linux-x64-musl@1.4.6':
    optional: true

  '@rspack/binding-wasm32-wasi@1.4.6':
    dependencies:
      '@napi-rs/wasm-runtime': 0.2.12
    optional: true

  '@rspack/binding-win32-arm64-msvc@1.4.6':
    optional: true

  '@rspack/binding-win32-ia32-msvc@1.4.6':
    optional: true

  '@rspack/binding-win32-x64-msvc@1.4.6':
    optional: true

  '@rspack/binding@1.4.6':
    optionalDependencies:
      '@rspack/binding-darwin-arm64': 1.4.6
      '@rspack/binding-darwin-x64': 1.4.6
      '@rspack/binding-linux-arm64-gnu': 1.4.6
      '@rspack/binding-linux-arm64-musl': 1.4.6
      '@rspack/binding-linux-x64-gnu': 1.4.6
      '@rspack/binding-linux-x64-musl': 1.4.6
      '@rspack/binding-wasm32-wasi': 1.4.6
      '@rspack/binding-win32-arm64-msvc': 1.4.6
      '@rspack/binding-win32-ia32-msvc': 1.4.6
      '@rspack/binding-win32-x64-msvc': 1.4.6

  '@rspack/core@1.4.6(@swc/helpers@0.5.17)':
    dependencies:
      '@module-federation/runtime-tools': 0.15.0
      '@rspack/binding': 1.4.6
      '@rspack/lite-tapable': 1.0.1
    optionalDependencies:
      '@swc/helpers': 0.5.17

  '@rspack/lite-tapable@1.0.1': {}

  '@stricli/core@1.2.0': {}

  '@swc/helpers@0.5.17':
    dependencies:
      tslib: 2.8.1

  '@tybys/wasm-util@0.10.0':
    dependencies:
      tslib: 2.8.1
    optional: true

  '@types/node@24.0.13':
    dependencies:
      undici-types: 7.8.0

  core-js@3.44.0: {}

  fdir@6.4.6(picomatch@4.0.2):
    optionalDependencies:
      picomatch: 4.0.2

  jiti@2.4.2: {}

  json5@2.2.3: {}

  magic-string@0.30.17:
    dependencies:
      '@jridgewell/sourcemap-codec': 1.5.4

  minimist@1.2.8: {}

  picocolors@1.1.1: {}

  picomatch@4.0.2: {}

  rsbuild-plugin-dts@0.10.5(@rsbuild/core@1.4.6):
    dependencies:
      '@ast-grep/napi': 0.37.0
      '@rsbuild/core': 1.4.6
      magic-string: 0.30.17
      picocolors: 1.1.1
      tinyglobby: 0.2.14
      tsconfig-paths: 4.2.0

  strip-bom@3.0.0: {}

  tinyglobby@0.2.14:
    dependencies:
      fdir: 6.4.6(picomatch@4.0.2)
      picomatch: 4.0.2

  tsconfig-paths@4.2.0:
    dependencies:
      json5: 2.2.3
      minimist: 1.2.8
      strip-bom: 3.0.0

  tslib@2.8.1: {}

  undici-types@7.8.0: {}
